<<<<<<< HEAD
﻿
Microsoft Visual Studio Solution File, Format Version 12.00
# Visual Studio Version 17
VisualStudioVersion = 17.5.002.0
MinimumVisualStudioVersion = 10.0.40219.1
Project("{9A19103F-16F7-4668-BE54-9A1E7A4F7556}") = "FridgeTrackerProject", "FridgeTrackerProject\FridgeTrackerProject.csproj", "{D2750EAF-3303-450F-8826-2BBDC3C8B63C}"
EndProject
Global
	GlobalSection(SolutionConfigurationPlatforms) = preSolution
		Debug|Any CPU = Debug|Any CPU
		Release|Any CPU = Release|Any CPU
	EndGlobalSection
	GlobalSection(ProjectConfigurationPlatforms) = postSolution
		{D2750EAF-3303-450F-8826-2BBDC3C8B63C}.Debug|Any CPU.ActiveCfg = Debug|Any CPU
		{D2750EAF-3303-450F-8826-2BBDC3C8B63C}.Debug|Any CPU.Build.0 = Debug|Any CPU
		{D2750EAF-3303-450F-8826-2BBDC3C8B63C}.Release|Any CPU.ActiveCfg = Release|Any CPU
		{D2750EAF-3303-450F-8826-2BBDC3C8B63C}.Release|Any CPU.Build.0 = Release|Any CPU
	EndGlobalSection
	GlobalSection(SolutionProperties) = preSolution
		HideSolutionNode = FALSE
	EndGlobalSection
	GlobalSection(ExtensibilityGlobals) = postSolution
		SolutionGuid = {C290373F-AABD-42B1-A11B-166F860476B9}
	EndGlobalSection
EndGlobal
=======
﻿
Microsoft Visual Studio Solution File, Format Version 12.00
# Visual Studio Version 17
VisualStudioVersion = 17.5.002.0
MinimumVisualStudioVersion = 10.0.40219.1
Project("{9A19103F-16F7-4668-BE54-9A1E7A4F7556}") = "FridgeTrackerProject", "FridgeTrackerProject\FridgeTrackerProject.csproj", "{D2750EAF-3303-450F-8826-2BBDC3C8B63C}"
EndProject
Global
	GlobalSection(SolutionConfigurationPlatforms) = preSolution
		Debug|Any CPU = Debug|Any CPU
		Release|Any CPU = Release|Any CPU
	EndGlobalSection
	GlobalSection(ProjectConfigurationPlatforms) = postSolution
		{D2750EAF-3303-450F-8826-2BBDC3C8B63C}.Debug|Any CPU.ActiveCfg = Debug|Any CPU
		{D2750EAF-3303-450F-8826-2BBDC3C8B63C}.Debug|Any CPU.Build.0 = Debug|Any CPU
		{D2750EAF-3303-450F-8826-2BBDC3C8B63C}.Release|Any CPU.ActiveCfg = Release|Any CPU
		{D2750EAF-3303-450F-8826-2BBDC3C8B63C}.Release|Any CPU.Build.0 = Release|Any CPU
	EndGlobalSection
	GlobalSection(SolutionProperties) = preSolution
		HideSolutionNode = FALSE
	EndGlobalSection
	GlobalSection(ExtensibilityGlobals) = postSolution
		SolutionGuid = {C290373F-AABD-42B1-A11B-166F860476B9}
	EndGlobalSection
EndGlobal
>>>>>>> 30e78bd356c5c22348d089ea31b007e131671125
